
Microsoft Visual Studio Solution File, Format Version 12.00
# Visual Studio Version 16
VisualStudioVersion = 16.0.33529.622
MinimumVisualStudioVersion = 10.0.40219.1
Project("{FAE04EC0-301F-11D3-BF4B-00C04F79EFBC}") = "RandomArrayApp", "RandomArrayApp.csproj", "{C2C6CF24-08AD-4D46-B355-66F0CB53665E}"
EndProject
Global
	GlobalSection(SolutionConfigurationPlatforms) = preSolution
		Debug|Any CPU = Debug|Any CPU
		Release|Any CPU = Release|Any CPU
	EndGlobalSection
	GlobalSection(ProjectConfigurationPlatforms) = postSolution
		{C2C6CF24-08AD-4D46-B355-66F0CB53665E}.Debug|Any CPU.ActiveCfg = Debug|Any CPU
		{C2C6CF24-08AD-4D46-B355-66F0CB53665E}.Debug|Any CPU.Build.0 = Debug|Any CPU
		{C2C6CF24-08AD-4D46-B355-66F0CB53665E}.Release|Any CPU.ActiveCfg = Release|Any CPU
		{C2C6CF24-08AD-4D46-B355-66F0CB53665E}.Release|Any CPU.Build.0 = Release|Any CPU
	EndGlobalSection
	GlobalSection(SolutionProperties) = preSolution
		HideSolutionNode = FALSE
	EndGlobalSection
	GlobalSection(ExtensibilityGlobals) = postSolution
		SolutionGuid = {FE13B9C3-A463-4FC9-AE45-2879A39BBB38}
	EndGlobalSection
EndGlobal
